// !$*UTF8*$!
{
	archiveVersion = 1;
	classes = {
	};
	objectVersion = 56;
	objects = {

/* Begin PBXBuildFile section */
		240B533839DB7F76EE919BBB /* Pods_parstagramm.framework in Frameworks */ = {isa = PBXBuildFile; fileRef = 6D1BBC8CDADD2F37F86C234C /* Pods_parstagramm.framework */; };
		647BEAAA1FFF9B9D1E2DC013 /* Pods_parstagrammTests.framework in Frameworks */ = {isa = PBXBuildFile; fileRef = 02B7B200303E9BE46F1104AF /* Pods_parstagrammTests.framework */; };
		B11B863A76956920D50A0F8B /* Pods_parstagramm_parstagrammUITests.framework in Frameworks */ = {isa = PBXBuildFile; fileRef = C5D244C9919E9832BF62F230 /* Pods_parstagramm_parstagrammUITests.framework */; };
		E210195428EF938E004F168E /* AppDelegate.swift in Sources */ = {isa = PBXBuildFile; fileRef = E210195328EF938E004F168E /* AppDelegate.swift */; };
		E210195628EF938E004F168E /* SceneDelegate.swift in Sources */ = {isa = PBXBuildFile; fileRef = E210195528EF938E004F168E /* SceneDelegate.swift */; };
		E210195B28EF938E004F168E /* Main.storyboard in Resources */ = {isa = PBXBuildFile; fileRef = E210195928EF938E004F168E /* Main.storyboard */; };
		E210195D28EF938F004F168E /* Assets.xcassets in Resources */ = {isa = PBXBuildFile; fileRef = E210195C28EF938F004F168E /* Assets.xcassets */; };
		E210196028EF938F004F168E /* LaunchScreen.storyboard in Resources */ = {isa = PBXBuildFile; fileRef = E210195E28EF938F004F168E /* LaunchScreen.storyboard */; };
		E210196B28EF938F004F168E /* parstagrammTests.swift in Sources */ = {isa = PBXBuildFile; fileRef = E210196A28EF938F004F168E /* parstagrammTests.swift */; };
		E210197528EF938F004F168E /* parstagrammUITests.swift in Sources */ = {isa = PBXBuildFile; fileRef = E210197428EF938F004F168E /* parstagrammUITests.swift */; };
		E210197728EF938F004F168E /* parstagrammUITestsLaunchTests.swift in Sources */ = {isa = PBXBuildFile; fileRef = E210197628EF938F004F168E /* parstagrammUITestsLaunchTests.swift */; };
		E235F67728EFBAAE00F5D013 /* LoginViewController.swift in Sources */ = {isa = PBXBuildFile; fileRef = E235F67628EFBAAE00F5D013 /* LoginViewController.swift */; };
		E235F67928EFBACC00F5D013 /* FeedViewController.swift in Sources */ = {isa = PBXBuildFile; fileRef = E235F67828EFBACC00F5D013 /* FeedViewController.swift */; };
		E235F67B28EFF8A000F5D013 /* CameraViewController.swift in Sources */ = {isa = PBXBuildFile; fileRef = E235F67A28EFF8A000F5D013 /* CameraViewController.swift */; };
		E235F67D28F0053600F5D013 /* PostCell.swift in Sources */ = {isa = PBXBuildFile; fileRef = E235F67C28F0053600F5D013 /* PostCell.swift */; };
/* End PBXBuildFile section */

/* Begin PBXContainerItemProxy section */
		E210196728EF938F004F168E /* PBXContainerItemProxy */ = {
			isa = PBXContainerItemProxy;
			containerPortal = E210194828EF938E004F168E /* Project object */;
			proxyType = 1;
			remoteGlobalIDString = E210194F28EF938E004F168E;
			remoteInfo = parstagramm;
		};
		E210197128EF938F004F168E /* PBXContainerItemProxy */ = {
			isa = PBXContainerItemProxy;
			containerPortal = E210194828EF938E004F168E /* Project object */;
			proxyType = 1;
			remoteGlobalIDString = E210194F28EF938E004F168E;
			remoteInfo = parstagramm;
		};
/* End PBXContainerItemProxy section */

/* Begin PBXFileReference section */
		02B7B200303E9BE46F1104AF /* Pods_parstagrammTests.framework */ = {isa = PBXFileReference; explicitFileType = wrapper.framework; includeInIndex = 0; path = Pods_parstagrammTests.framework; sourceTree = BUILT_PRODUCTS_DIR; };
		0E9737FF7D72DCAF9D20EF3A /* Pods-parstagramm.debug.xcconfig */ = {isa = PBXFileReference; includeInIndex = 1; lastKnownFileType = text.xcconfig; name = "Pods-parstagramm.debug.xcconfig"; path = "Target Support Files/Pods-parstagramm/Pods-parstagramm.debug.xcconfig"; sourceTree = "<group>"; };
		1251327456889D0D5C3CB42E /* Pods-parstagramm-parstagrammUITests.debug.xcconfig */ = {isa = PBXFileReference; includeInIndex = 1; lastKnownFileType = text.xcconfig; name = "Pods-parstagramm-parstagrammUITests.debug.xcconfig"; path = "Target Support Files/Pods-parstagramm-parstagrammUITests/Pods-parstagramm-parstagrammUITests.debug.xcconfig"; sourceTree = "<group>"; };
		189CE7C839EE2FFDCD257FB1 /* Pods-parstagramm.release.xcconfig */ = {isa = PBXFileReference; includeInIndex = 1; lastKnownFileType = text.xcconfig; name = "Pods-parstagramm.release.xcconfig"; path = "Target Support Files/Pods-parstagramm/Pods-parstagramm.release.xcconfig"; sourceTree = "<group>"; };
		6D1BBC8CDADD2F37F86C234C /* Pods_parstagramm.framework */ = {isa = PBXFileReference; explicitFileType = wrapper.framework; includeInIndex = 0; path = Pods_parstagramm.framework; sourceTree = BUILT_PRODUCTS_DIR; };
		A60896E3DA7B9041D8DCD3E2 /* Pods-parstagrammTests.debug.xcconfig */ = {isa = PBXFileReference; includeInIndex = 1; lastKnownFileType = text.xcconfig; name = "Pods-parstagrammTests.debug.xcconfig"; path = "Target Support Files/Pods-parstagrammTests/Pods-parstagrammTests.debug.xcconfig"; sourceTree = "<group>"; };
		B38F09795A7C22835CD33AFE /* Pods-parstagrammTests.release.xcconfig */ = {isa = PBXFileReference; includeInIndex = 1; lastKnownFileType = text.xcconfig; name = "Pods-parstagrammTests.release.xcconfig"; path = "Target Support Files/Pods-parstagrammTests/Pods-parstagrammTests.release.xcconfig"; sourceTree = "<group>"; };
		C5D244C9919E9832BF62F230 /* Pods_parstagramm_parstagrammUITests.framework */ = {isa = PBXFileReference; explicitFileType = wrapper.framework; includeInIndex = 0; path = Pods_parstagramm_parstagrammUITests.framework; sourceTree = BUILT_PRODUCTS_DIR; };
		E210195028EF938E004F168E /* parstagramm.app */ = {isa = PBXFileReference; explicitFileType = wrapper.application; includeInIndex = 0; path = parstagramm.app; sourceTree = BUILT_PRODUCTS_DIR; };
		E210195328EF938E004F168E /* AppDelegate.swift */ = {isa = PBXFileReference; lastKnownFileType = sourcecode.swift; path = AppDelegate.swift; sourceTree = "<group>"; };
		E210195528EF938E004F168E /* SceneDelegate.swift */ = {isa = PBXFileReference; lastKnownFileType = sourcecode.swift; path = SceneDelegate.swift; sourceTree = "<group>"; };
		E210195A28EF938E004F168E /* Base */ = {isa = PBXFileReference; lastKnownFileType = file.storyboard; name = Base; path = Base.lproj/Main.storyboard; sourceTree = "<group>"; };
		E210195C28EF938F004F168E /* Assets.xcassets */ = {isa = PBXFileReference; lastKnownFileType = folder.assetcatalog; path = Assets.xcassets; sourceTree = "<group>"; };
		E210195F28EF938F004F168E /* Base */ = {isa = PBXFileReference; lastKnownFileType = file.storyboard; name = Base; path = Base.lproj/LaunchScreen.storyboard; sourceTree = "<group>"; };
		E210196128EF938F004F168E /* Info.plist */ = {isa = PBXFileReference; lastKnownFileType = text.plist.xml; path = Info.plist; sourceTree = "<group>"; };
		E210196628EF938F004F168E /* parstagrammTests.xctest */ = {isa = PBXFileReference; explicitFileType = wrapper.cfbundle; includeInIndex = 0; path = parstagrammTests.xctest; sourceTree = BUILT_PRODUCTS_DIR; };
		E210196A28EF938F004F168E /* parstagrammTests.swift */ = {isa = PBXFileReference; lastKnownFileType = sourcecode.swift; path = parstagrammTests.swift; sourceTree = "<group>"; };
		E210197028EF938F004F168E /* parstagrammUITests.xctest */ = {isa = PBXFileReference; explicitFileType = wrapper.cfbundle; includeInIndex = 0; path = parstagrammUITests.xctest; sourceTree = BUILT_PRODUCTS_DIR; };
		E210197428EF938F004F168E /* parstagrammUITests.swift */ = {isa = PBXFileReference; lastKnownFileType = sourcecode.swift; path = parstagrammUITests.swift; sourceTree = "<group>"; };
		E210197628EF938F004F168E /* parstagrammUITestsLaunchTests.swift */ = {isa = PBXFileReference; lastKnownFileType = sourcecode.swift; path = parstagrammUITestsLaunchTests.swift; sourceTree = "<group>"; };
		E235F67628EFBAAE00F5D013 /* LoginViewController.swift */ = {isa = PBXFileReference; lastKnownFileType = sourcecode.swift; path = LoginViewController.swift; sourceTree = "<group>"; };
		E235F67828EFBACC00F5D013 /* FeedViewController.swift */ = {isa = PBXFileReference; lastKnownFileType = sourcecode.swift; path = FeedViewController.swift; sourceTree = "<group>"; };
		E235F67A28EFF8A000F5D013 /* CameraViewController.swift */ = {isa = PBXFileReference; lastKnownFileType = sourcecode.swift; path = CameraViewController.swift; sourceTree = "<group>"; };
		E235F67C28F0053600F5D013 /* PostCell.swift */ = {isa = PBXFileReference; lastKnownFileType = sourcecode.swift; path = PostCell.swift; sourceTree = "<group>"; };
		E3DA3F23407A6D8DCC43D296 /* Pods-parstagramm-parstagrammUITests.release.xcconfig */ = {isa = PBXFileReference; includeInIndex = 1; lastKnownFileType = text.xcconfig; name = "Pods-parstagramm-parstagrammUITests.release.xcconfig"; path = "Target Support Files/Pods-parstagramm-parstagrammUITests/Pods-parstagramm-parstagrammUITests.release.xcconfig"; sourceTree = "<group>"; };
/* End PBXFileReference section */

/* Begin PBXFrameworksBuildPhase section */
		E210194D28EF938E004F168E /* Frameworks */ = {
			isa = PBXFrameworksBuildPhase;
			buildActionMask = 2147483647;
			files = (
				240B533839DB7F76EE919BBB /* Pods_parstagramm.framework in Frameworks */,
			);
			runOnlyForDeploymentPostprocessing = 0;
		};
		E210196328EF938F004F168E /* Frameworks */ = {
			isa = PBXFrameworksBuildPhase;
			buildActionMask = 2147483647;
			files = (
				647BEAAA1FFF9B9D1E2DC013 /* Pods_parstagrammTests.framework in Frameworks */,
			);
			runOnlyForDeploymentPostprocessing = 0;
		};
		E210196D28EF938F004F168E /* Frameworks */ = {
			isa = PBXFrameworksBuildPhase;
			buildActionMask = 2147483647;
			files = (
				B11B863A76956920D50A0F8B /* Pods_parstagramm_parstagrammUITests.framework in Frameworks */,
			);
			runOnlyForDeploymentPostprocessing = 0;
		};
/* End PBXFrameworksBuildPhase section */

/* Begin PBXGroup section */
		B18A9273992CA14C4C16F109 /* Pods */ = {
			isa = PBXGroup;
			children = (
				0E9737FF7D72DCAF9D20EF3A /* Pods-parstagramm.debug.xcconfig */,
				189CE7C839EE2FFDCD257FB1 /* Pods-parstagramm.release.xcconfig */,
				1251327456889D0D5C3CB42E /* Pods-parstagramm-parstagrammUITests.debug.xcconfig */,
				E3DA3F23407A6D8DCC43D296 /* Pods-parstagramm-parstagrammUITests.release.xcconfig */,
				A60896E3DA7B9041D8DCD3E2 /* Pods-parstagrammTests.debug.xcconfig */,
				B38F09795A7C22835CD33AFE /* Pods-parstagrammTests.release.xcconfig */,
			);
			path = Pods;
			sourceTree = "<group>";
		};
		BD4932C91F299E3621ADCFE1 /* Frameworks */ = {
			isa = PBXGroup;
			children = (
				6D1BBC8CDADD2F37F86C234C /* Pods_parstagramm.framework */,
				C5D244C9919E9832BF62F230 /* Pods_parstagramm_parstagrammUITests.framework */,
				02B7B200303E9BE46F1104AF /* Pods_parstagrammTests.framework */,
			);
			name = Frameworks;
			sourceTree = "<group>";
		};
		E210194728EF938E004F168E = {
			isa = PBXGroup;
			children = (
				E210195228EF938E004F168E /* parstagramm */,
				E210196928EF938F004F168E /* parstagrammTests */,
				E210197328EF938F004F168E /* parstagrammUITests */,
				E210195128EF938E004F168E /* Products */,
				B18A9273992CA14C4C16F109 /* Pods */,
				BD4932C91F299E3621ADCFE1 /* Frameworks */,
			);
			sourceTree = "<group>";
		};
		E210195128EF938E004F168E /* Products */ = {
			isa = PBXGroup;
			children = (
				E210195028EF938E004F168E /* parstagramm.app */,
				E210196628EF938F004F168E /* parstagrammTests.xctest */,
				E210197028EF938F004F168E /* parstagrammUITests.xctest */,
			);
			name = Products;
			sourceTree = "<group>";
		};
		E210195228EF938E004F168E /* parstagramm */ = {
			isa = PBXGroup;
			children = (
				E235F67828EFBACC00F5D013 /* FeedViewController.swift */,
				E235F67628EFBAAE00F5D013 /* LoginViewController.swift */,
				E235F67A28EFF8A000F5D013 /* CameraViewController.swift */,
				E210195328EF938E004F168E /* AppDelegate.swift */,
				E210195528EF938E004F168E /* SceneDelegate.swift */,
				E210195928EF938E004F168E /* Main.storyboard */,
				E210195C28EF938F004F168E /* Assets.xcassets */,
				E210195E28EF938F004F168E /* LaunchScreen.storyboard */,
				E210196128EF938F004F168E /* Info.plist */,
				E235F67C28F0053600F5D013 /* PostCell.swift */,
			);
			path = parstagramm;
			sourceTree = "<group>";
		};
		E210196928EF938F004F168E /* parstagrammTests */ = {
			isa = PBXGroup;
			children = (
				E210196A28EF938F004F168E /* parstagrammTests.swift */,
			);
			path = parstagrammTests;
			sourceTree = "<group>";
		};
		E210197328EF938F004F168E /* parstagrammUITests */ = {
			isa = PBXGroup;
			children = (
				E210197428EF938F004F168E /* parstagrammUITests.swift */,
				E210197628EF938F004F168E /* parstagrammUITestsLaunchTests.swift */,
			);
			path = parstagrammUITests;
			sourceTree = "<group>";
		};
/* End PBXGroup section */

/* Begin PBXNativeTarget section */
		E210194F28EF938E004F168E /* parstagramm */ = {
			isa = PBXNativeTarget;
			buildConfigurationList = E210197A28EF938F004F168E /* Build configuration list for PBXNativeTarget "parstagramm" */;
			buildPhases = (
				4AD543A54FCF7871339B57F2 /* [CP] Check Pods Manifest.lock */,
				E210194C28EF938E004F168E /* Sources */,
				E210194D28EF938E004F168E /* Frameworks */,
				E210194E28EF938E004F168E /* Resources */,
				48136EF845307D957F8D6700 /* [CP] Embed Pods Frameworks */,
			);
			buildRules = (
			);
			dependencies = (
			);
			name = parstagramm;
			productName = parstagramm;
			productReference = E210195028EF938E004F168E /* parstagramm.app */;
			productType = "com.apple.product-type.application";
		};
		E210196528EF938F004F168E /* parstagrammTests */ = {
			isa = PBXNativeTarget;
			buildConfigurationList = E210197D28EF938F004F168E /* Build configuration list for PBXNativeTarget "parstagrammTests" */;
			buildPhases = (
				22C043E4D452ADBA0EA4861A /* [CP] Check Pods Manifest.lock */,
				E210196228EF938F004F168E /* Sources */,
				E210196328EF938F004F168E /* Frameworks */,
				E210196428EF938F004F168E /* Resources */,
			);
			buildRules = (
			);
			dependencies = (
				E210196828EF938F004F168E /* PBXTargetDependency */,
			);
			name = parstagrammTests;
			productName = parstagrammTests;
			productReference = E210196628EF938F004F168E /* parstagrammTests.xctest */;
			productType = "com.apple.product-type.bundle.unit-test";
		};
		E210196F28EF938F004F168E /* parstagrammUITests */ = {
			isa = PBXNativeTarget;
			buildConfigurationList = E210198028EF938F004F168E /* Build configuration list for PBXNativeTarget "parstagrammUITests" */;
			buildPhases = (
				4E0A81245990F7E212AB6C80 /* [CP] Check Pods Manifest.lock */,
				E210196C28EF938F004F168E /* Sources */,
				E210196D28EF938F004F168E /* Frameworks */,
				E210196E28EF938F004F168E /* Resources */,
				61ECCECAA534029310C778B7 /* [CP] Embed Pods Frameworks */,
			);
			buildRules = (
			);
			dependencies = (
				E210197228EF938F004F168E /* PBXTargetDependency */,
			);
			name = parstagrammUITests;
			productName = parstagrammUITests;
			productReference = E210197028EF938F004F168E /* parstagrammUITests.xctest */;
			productType = "com.apple.product-type.bundle.ui-testing";
		};
/* End PBXNativeTarget section */

/* Begin PBXProject section */
		E210194828EF938E004F168E /* Project object */ = {
			isa = PBXProject;
			attributes = {
				BuildIndependentTargetsInParallel = 1;
				LastSwiftUpdateCheck = 1400;
				LastUpgradeCheck = 1400;
				TargetAttributes = {
					E210194F28EF938E004F168E = {
						CreatedOnToolsVersion = 14.0.1;
					};
					E210196528EF938F004F168E = {
						CreatedOnToolsVersion = 14.0.1;
						TestTargetID = E210194F28EF938E004F168E;
					};
					E210196F28EF938F004F168E = {
						CreatedOnToolsVersion = 14.0.1;
						TestTargetID = E210194F28EF938E004F168E;
					};
				};
			};
			buildConfigurationList = E210194B28EF938E004F168E /* Build configuration list for PBXProject "parstagramm" */;
			compatibilityVersion = "Xcode 14.0";
			developmentRegion = en;
			hasScannedForEncodings = 0;
			knownRegions = (
				en,
				Base,
			);
			mainGroup = E210194728EF938E004F168E;
			productRefGroup = E210195128EF938E004F168E /* Products */;
			projectDirPath = "";
			projectRoot = "";
			targets = (
				E210194F28EF938E004F168E /* parstagramm */,
				E210196528EF938F004F168E /* parstagrammTests */,
				E210196F28EF938F004F168E /* parstagrammUITests */,
			);
		};
/* End PBXProject section */

/* Begin PBXResourcesBuildPhase section */
		E210194E28EF938E004F168E /* Resources */ = {
			isa = PBXResourcesBuildPhase;
			buildActionMask = 2147483647;
			files = (
				E210196028EF938F004F168E /* LaunchScreen.storyboard in Resources */,
				E210195D28EF938F004F168E /* Assets.xcassets in Resources */,
				E210195B28EF938E004F168E /* Main.storyboard in Resources */,
			);
			runOnlyForDeploymentPostprocessing = 0;
		};
		E210196428EF938F004F168E /* Resources */ = {
			isa = PBXResourcesBuildPhase;
			buildActionMask = 2147483647;
			files = (
			);
			runOnlyForDeploymentPostprocessing = 0;
		};
		E210196E28EF938F004F168E /* Resources */ = {
			isa = PBXResourcesBuildPhase;
			buildActionMask = 2147483647;
			files = (
			);
			runOnlyForDeploymentPostprocessing = 0;
		};
/* End PBXResourcesBuildPhase section */

/* Begin PBXShellScriptBuildPhase section */
		22C043E4D452ADBA0EA4861A /* [CP] Check Pods Manifest.lock */ = {
			isa = PBXShellScriptBuildPhase;
			buildActionMask = 2147483647;
			files = (
			);
			inputFileListPaths = (
			);
			inputPaths = (
				"${PODS_PODFILE_DIR_PATH}/Podfile.lock",
				"${PODS_ROOT}/Manifest.lock",
			);
			name = "[CP] Check Pods Manifest.lock";
			outputFileListPaths = (
			);
			outputPaths = (
				"$(DERIVED_FILE_DIR)/Pods-parstagrammTests-checkManifestLockResult.txt",
			);
			runOnlyForDeploymentPostprocessing = 0;
			shellPath = /bin/sh;
			shellScript = "diff \"${PODS_PODFILE_DIR_PATH}/Podfile.lock\" \"${PODS_ROOT}/Manifest.lock\" > /dev/null\nif [ $? != 0 ] ; then\n    # print error to STDERR\n    echo \"error: The sandbox is not in sync with the Podfile.lock. Run 'pod install' or update your CocoaPods installation.\" >&2\n    exit 1\nfi\n# This output is used by Xcode 'outputs' to avoid re-running this script phase.\necho \"SUCCESS\" > \"${SCRIPT_OUTPUT_FILE_0}\"\n";
			showEnvVarsInLog = 0;
		};
		48136EF845307D957F8D6700 /* [CP] Embed Pods Frameworks */ = {
			isa = PBXShellScriptBuildPhase;
			buildActionMask = 2147483647;
			files = (
			);
			inputFileListPaths = (
				"${PODS_ROOT}/Target Support Files/Pods-parstagramm/Pods-parstagramm-frameworks-${CONFIGURATION}-input-files.xcfilelist",
			);
			name = "[CP] Embed Pods Frameworks";
			outputFileListPaths = (
				"${PODS_ROOT}/Target Support Files/Pods-parstagramm/Pods-parstagramm-frameworks-${CONFIGURATION}-output-files.xcfilelist",
			);
			runOnlyForDeploymentPostprocessing = 0;
			shellPath = /bin/sh;
			shellScript = "\"${PODS_ROOT}/Target Support Files/Pods-parstagramm/Pods-parstagramm-frameworks.sh\"\n";
			showEnvVarsInLog = 0;
		};
		4AD543A54FCF7871339B57F2 /* [CP] Check Pods Manifest.lock */ = {
			isa = PBXShellScriptBuildPhase;
			buildActionMask = 2147483647;
			files = (
			);
			inputFileListPaths = (
			);
			inputPaths = (
				"${PODS_PODFILE_DIR_PATH}/Podfile.lock",
				"${PODS_ROOT}/Manifest.lock",
			);
			name = "[CP] Check Pods Manifest.lock";
			outputFileListPaths = (
			);
			outputPaths = (
				"$(DERIVED_FILE_DIR)/Pods-parstagramm-checkManifestLockResult.txt",
			);
			runOnlyForDeploymentPostprocessing = 0;
			shellPath = /bin/sh;
			shellScript = "diff \"${PODS_PODFILE_DIR_PATH}/Podfile.lock\" \"${PODS_ROOT}/Manifest.lock\" > /dev/null\nif [ $? != 0 ] ; then\n    # print error to STDERR\n    echo \"error: The sandbox is not in sync with the Podfile.lock. Run 'pod install' or update your CocoaPods installation.\" >&2\n    exit 1\nfi\n# This output is used by Xcode 'outputs' to avoid re-running this script phase.\necho \"SUCCESS\" > \"${SCRIPT_OUTPUT_FILE_0}\"\n";
			showEnvVarsInLog = 0;
		};
		4E0A81245990F7E212AB6C80 /* [CP] Check Pods Manifest.lock */ = {
			isa = PBXShellScriptBuildPhase;
			buildActionMask = 2147483647;
			files = (
			);
			inputFileListPaths = (
			);
			inputPaths = (
				"${PODS_PODFILE_DIR_PATH}/Podfile.lock",
				"${PODS_ROOT}/Manifest.lock",
			);
			name = "[CP] Check Pods Manifest.lock";
			outputFileListPaths = (
			);
			outputPaths = (
				"$(DERIVED_FILE_DIR)/Pods-parstagramm-parstagrammUITests-checkManifestLockResult.txt",
			);
			runOnlyForDeploymentPostprocessing = 0;
			shellPath = /bin/sh;
			shellScript = "diff \"${PODS_PODFILE_DIR_PATH}/Podfile.lock\" \"${PODS_ROOT}/Manifest.lock\" > /dev/null\nif [ $? != 0 ] ; then\n    # print error to STDERR\n    echo \"error: The sandbox is not in sync with the Podfile.lock. Run 'pod install' or update your CocoaPods installation.\" >&2\n    exit 1\nfi\n# This output is used by Xcode 'outputs' to avoid re-running this script phase.\necho \"SUCCESS\" > \"${SCRIPT_OUTPUT_FILE_0}\"\n";
			showEnvVarsInLog = 0;
		};
		61ECCECAA534029310C778B7 /* [CP] Embed Pods Frameworks */ = {
			isa = PBXShellScriptBuildPhase;
			buildActionMask = 2147483647;
			files = (
			);
			inputFileListPaths = (
				"${PODS_ROOT}/Target Support Files/Pods-parstagramm-parstagrammUITests/Pods-parstagramm-parstagrammUITests-frameworks-${CONFIGURATION}-input-files.xcfilelist",
			);
			name = "[CP] Embed Pods Frameworks";
			outputFileListPaths = (
				"${PODS_ROOT}/Target Support Files/Pods-parstagramm-parstagrammUITests/Pods-parstagramm-parstagrammUITests-frameworks-${CONFIGURATION}-output-files.xcfilelist",
			);
			runOnlyForDeploymentPostprocessing = 0;
			shellPath = /bin/sh;
			shellScript = "\"${PODS_ROOT}/Target Support Files/Pods-parstagramm-parstagrammUITests/Pods-parstagramm-parstagrammUITests-frameworks.sh\"\n";
			showEnvVarsInLog = 0;
		};
/* End PBXShellScriptBuildPhase section */

/* Begin PBXSourcesBuildPhase section */
		E210194C28EF938E004F168E /* Sources */ = {
			isa = PBXSourcesBuildPhase;
			buildActionMask = 2147483647;
			files = (
				E235F67728EFBAAE00F5D013 /* LoginViewController.swift in Sources */,
				E235F67B28EFF8A000F5D013 /* CameraViewController.swift in Sources */,
				E210195428EF938E004F168E /* AppDelegate.swift in Sources */,
				E235F67928EFBACC00F5D013 /* FeedViewController.swift in Sources */,
				E210195628EF938E004F168E /* SceneDelegate.swift in Sources */,
				E235F67D28F0053600F5D013 /* PostCell.swift in Sources */,
			);
			runOnlyForDeploymentPostprocessing = 0;
		};
		E210196228EF938F004F168E /* Sources */ = {
			isa = PBXSourcesBuildPhase;
			buildActionMask = 2147483647;
			files = (
				E210196B28EF938F004F168E /* parstagrammTests.swift in Sources */,
			);
			runOnlyForDeploymentPostprocessing = 0;
		};
		E210196C28EF938F004F168E /* Sources */ = {
			isa = PBXSourcesBuildPhase;
			buildActionMask = 2147483647;
			files = (
				E210197728EF938F004F168E /* parstagrammUITestsLaunchTests.swift in Sources */,
				E210197528EF938F004F168E /* parstagrammUITests.swift in Sources */,
			);
			runOnlyForDeploymentPostprocessing = 0;
		};
/* End PBXSourcesBuildPhase section */

/* Begin PBXTargetDependency section */
		E210196828EF938F004F168E /* PBXTargetDependency */ = {
			isa = PBXTargetDependency;
			target = E210194F28EF938E004F168E /* parstagramm */;
			targetProxy = E210196728EF938F004F168E /* PBXContainerItemProxy */;
		};
		E210197228EF938F004F168E /* PBXTargetDependency */ = {
			isa = PBXTargetDependency;
			target = E210194F28EF938E004F168E /* parstagramm */;
			targetProxy = E210197128EF938F004F168E /* PBXContainerItemProxy */;
		};
/* End PBXTargetDependency section */

/* Begin PBXVariantGroup section */
		E210195928EF938E004F168E /* Main.storyboard */ = {
			isa = PBXVariantGroup;
			children = (
				E210195A28EF938E004F168E /* Base */,
			);
			name = Main.storyboard;
			sourceTree = "<group>";
		};
		E210195E28EF938F004F168E /* LaunchScreen.storyboard */ = {
			isa = PBXVariantGroup;
			children = (
				E210195F28EF938F004F168E /* Base */,
			);
			name = LaunchScreen.storyboard;
			sourceTree = "<group>";
		};
/* End PBXVariantGroup section */

/* Begin XCBuildConfiguration section */
		E210197828EF938F004F168E /* Debug */ = {
			isa = XCBuildConfiguration;
			buildSettings = {
				ALWAYS_SEARCH_USER_PATHS = NO;
				CLANG_ANALYZER_NONNULL = YES;
				CLANG_ANALYZER_NUMBER_OBJECT_CONVERSION = YES_AGGRESSIVE;
				CLANG_CXX_LANGUAGE_STANDARD = "gnu++20";
				CLANG_ENABLE_MODULES = YES;
				CLANG_ENABLE_OBJC_ARC = YES;
				CLANG_ENABLE_OBJC_WEAK = YES;
				CLANG_WARN_BLOCK_CAPTURE_AUTORELEASING = YES;
				CLANG_WARN_BOOL_CONVERSION = YES;
				CLANG_WARN_COMMA = YES;
				CLANG_WARN_CONSTANT_CONVERSION = YES;
				CLANG_WARN_DEPRECATED_OBJC_IMPLEMENTATIONS = YES;
				CLANG_WARN_DIRECT_OBJC_ISA_USAGE = YES_ERROR;
				CLANG_WARN_DOCUMENTATION_COMMENTS = YES;
				CLANG_WARN_EMPTY_BODY = YES;
				CLANG_WARN_ENUM_CONVERSION = YES;
				CLANG_WARN_INFINITE_RECURSION = YES;
				CLANG_WARN_INT_CONVERSION = YES;
				CLANG_WARN_NON_LITERAL_NULL_CONVERSION = YES;
				CLANG_WARN_OBJC_IMPLICIT_RETAIN_SELF = YES;
				CLANG_WARN_OBJC_LITERAL_CONVERSION = YES;
				CLANG_WARN_OBJC_ROOT_CLASS = YES_ERROR;
				CLANG_WARN_QUOTED_INCLUDE_IN_FRAMEWORK_HEADER = YES;
				CLANG_WARN_RANGE_LOOP_ANALYSIS = YES;
				CLANG_WARN_STRICT_PROTOTYPES = YES;
				CLANG_WARN_SUSPICIOUS_MOVE = YES;
				CLANG_WARN_UNGUARDED_AVAILABILITY = YES_AGGRESSIVE;
				CLANG_WARN_UNREACHABLE_CODE = YES;
				CLANG_WARN__DUPLICATE_METHOD_MATCH = YES;
				COPY_PHASE_STRIP = NO;
				DEBUG_INFORMATION_FORMAT = dwarf;
				ENABLE_STRICT_OBJC_MSGSEND = YES;
				ENABLE_TESTABILITY = YES;
				GCC_C_LANGUAGE_STANDARD = gnu11;
				GCC_DYNAMIC_NO_PIC = NO;
				GCC_NO_COMMON_BLOCKS = YES;
				GCC_OPTIMIZATION_LEVEL = 0;
				GCC_PREPROCESSOR_DEFINITIONS = (
					"DEBUG=1",
					"$(inherited)",
				);
				GCC_WARN_64_TO_32_BIT_CONVERSION = YES;
				GCC_WARN_ABOUT_RETURN_TYPE = YES_ERROR;
				GCC_WARN_UNDECLARED_SELECTOR = YES;
				GCC_WARN_UNINITIALIZED_AUTOS = YES_AGGRESSIVE;
				GCC_WARN_UNUSED_FUNCTION = YES;
				GCC_WARN_UNUSED_VARIABLE = YES;
				IPHONEOS_DEPLOYMENT_TARGET = 16.0;
				MTL_ENABLE_DEBUG_INFO = INCLUDE_SOURCE;
				MTL_FAST_MATH = YES;
				ONLY_ACTIVE_ARCH = YES;
				SDKROOT = iphoneos;
				SWIFT_ACTIVE_COMPILATION_CONDITIONS = DEBUG;
				SWIFT_OPTIMIZATION_LEVEL = "-Onone";
			};
			name = Debug;
		};
		E210197928EF938F004F168E /* Release */ = {
			isa = XCBuildConfiguration;
			buildSettings = {
				ALWAYS_SEARCH_USER_PATHS = NO;
				CLANG_ANALYZER_NONNULL = YES;
				CLANG_ANALYZER_NUMBER_OBJECT_CONVERSION = YES_AGGRESSIVE;
				CLANG_CXX_LANGUAGE_STANDARD = "gnu++20";
				CLANG_ENABLE_MODULES = YES;
				CLANG_ENABLE_OBJC_ARC = YES;
				CLANG_ENABLE_OBJC_WEAK = YES;
				CLANG_WARN_BLOCK_CAPTURE_AUTORELEASING = YES;
				CLANG_WARN_BOOL_CONVERSION = YES;
				CLANG_WARN_COMMA = YES;
				CLANG_WARN_CONSTANT_CONVERSION = YES;
				CLANG_WARN_DEPRECATED_OBJC_IMPLEMENTATIONS = YES;
				CLANG_WARN_DIRECT_OBJC_ISA_USAGE = YES_ERROR;
				CLANG_WARN_DOCUMENTATION_COMMENTS = YES;
				CLANG_WARN_EMPTY_BODY = YES;
				CLANG_WARN_ENUM_CONVERSION = YES;
				CLANG_WARN_INFINITE_RECURSION = YES;
				CLANG_WARN_INT_CONVERSION = YES;
				CLANG_WARN_NON_LITERAL_NULL_CONVERSION = YES;
				CLANG_WARN_OBJC_IMPLICIT_RETAIN_SELF = YES;
				CLANG_WARN_OBJC_LITERAL_CONVERSION = YES;
				CLANG_WARN_OBJC_ROOT_CLASS = YES_ERROR;
				CLANG_WARN_QUOTED_INCLUDE_IN_FRAMEWORK_HEADER = YES;
				CLANG_WARN_RANGE_LOOP_ANALYSIS = YES;
				CLANG_WARN_STRICT_PROTOTYPES = YES;
				CLANG_WARN_SUSPICIOUS_MOVE = YES;
				CLANG_WARN_UNGUARDED_AVAILABILITY = YES_AGGRESSIVE;
				CLANG_WARN_UNREACHABLE_CODE = YES;
				CLANG_WARN__DUPLICATE_METHOD_MATCH = YES;
				COPY_PHASE_STRIP = NO;
				DEBUG_INFORMATION_FORMAT = "dwarf-with-dsym";
				ENABLE_NS_ASSERTIONS = NO;
				ENABLE_STRICT_OBJC_MSGSEND = YES;
				GCC_C_LANGUAGE_STANDARD = gnu11;
				GCC_NO_COMMON_BLOCKS = YES;
				GCC_WARN_64_TO_32_BIT_CONVERSION = YES;
				GCC_WARN_ABOUT_RETURN_TYPE = YES_ERROR;
				GCC_WARN_UNDECLARED_SELECTOR = YES;
				GCC_WARN_UNINITIALIZED_AUTOS = YES_AGGRESSIVE;
				GCC_WARN_UNUSED_FUNCTION = YES;
				GCC_WARN_UNUSED_VARIABLE = YES;
				IPHONEOS_DEPLOYMENT_TARGET = 16.0;
				MTL_ENABLE_DEBUG_INFO = NO;
				MTL_FAST_MATH = YES;
				SDKROOT = iphoneos;
				SWIFT_COMPILATION_MODE = wholemodule;
				SWIFT_OPTIMIZATION_LEVEL = "-O";
				VALIDATE_PRODUCT = YES;
			};
			name = Release;
		};
		E210197B28EF938F004F168E /* Debug */ = {
			isa = XCBuildConfiguration;
			baseConfigurationReference = 0E9737FF7D72DCAF9D20EF3A /* Pods-parstagramm.debug.xcconfig */;
			buildSettings = {
				ASSETCATALOG_COMPILER_APPICON_NAME = AppIcon;
				ASSETCATALOG_COMPILER_GLOBAL_ACCENT_COLOR_NAME = AccentColor;
				CODE_SIGN_STYLE = Automatic;
				CURRENT_PROJECT_VERSION = 1;
				DEVELOPMENT_TEAM = RL6H7599DG;
				GENERATE_INFOPLIST_FILE = YES;
				INFOPLIST_FILE = parstagramm/Info.plist;
				INFOPLIST_KEY_UIApplicationSupportsIndirectInputEvents = YES;
				INFOPLIST_KEY_UILaunchStoryboardName = LaunchScreen;
				INFOPLIST_KEY_UIMainStoryboardFile = Main;
				INFOPLIST_KEY_UISupportedInterfaceOrientations_iPad = "UIInterfaceOrientationPortrait UIInterfaceOrientationPortraitUpsideDown UIInterfaceOrientationLandscapeLeft UIInterfaceOrientationLandscapeRight";
				INFOPLIST_KEY_UISupportedInterfaceOrientations_iPhone = "UIInterfaceOrientationPortrait UIInterfaceOrientationLandscapeLeft UIInterfaceOrientationLandscapeRight";
				LD_RUNPATH_SEARCH_PATHS = (
					"$(inherited)",
					"@executable_path/Frameworks",
				);
				MARKETING_VERSION = 1.0;
				PRODUCT_BUNDLE_IDENTIFIER = com.coolMohhi.parstagramm;
				PRODUCT_NAME = "$(TARGET_NAME)";
				SWIFT_EMIT_LOC_STRINGS = YES;
				SWIFT_VERSION = 5.0;
				TARGETED_DEVICE_FAMILY = "1,2";
			};
			name = Debug;
		};
		E210197C28EF938F004F168E /* Release */ = {
			isa = XCBuildConfiguration;
			baseConfigurationReference = 189CE7C839EE2FFDCD257FB1 /* Pods-parstagramm.release.xcconfig */;
			buildSettings = {
				ASSETCATALOG_COMPILER_APPICON_NAME = AppIcon;
				ASSETCATALOG_COMPILER_GLOBAL_ACCENT_COLOR_NAME = AccentColor;
				CODE_SIGN_STYLE = Automatic;
				CURRENT_PROJECT_VERSION = 1;
				DEVELOPMENT_TEAM = RL6H7599DG;
				GENERATE_INFOPLIST_FILE = YES;
				INFOPLIST_FILE = parstagramm/Info.plist;
				INFOPLIST_KEY_UIApplicationSupportsIndirectInputEvents = YES;
				INFOPLIST_KEY_UILaunchStoryboardName = LaunchScreen;
				INFOPLIST_KEY_UIMainStoryboardFile = Main;
				INFOPLIST_KEY_UISupportedInterfaceOrientations_iPad = "UIInterfaceOrientationPortrait UIInterfaceOrientationPortraitUpsideDown UIInterfaceOrientationLandscapeLeft UIInterfaceOrientationLandscapeRight";
				INFOPLIST_KEY_UISupportedInterfaceOrientations_iPhone = "UIInterfaceOrientationPortrait UIInterfaceOrientationLandscapeLeft UIInterfaceOrientationLandscapeRight";
				LD_RUNPATH_SEARCH_PATHS = (
					"$(inherited)",
					"@executable_path/Frameworks",
				);
				MARKETING_VERSION = 1.0;
				PRODUCT_BUNDLE_IDENTIFIER = com.coolMohhi.parstagramm;
				PRODUCT_NAME = "$(TARGET_NAME)";
				SWIFT_EMIT_LOC_STRINGS = YES;
				SWIFT_VERSION = 5.0;
				TARGETED_DEVICE_FAMILY = "1,2";
			};
			name = Release;
		};
		E210197E28EF938F004F168E /* Debug */ = {
			isa = XCBuildConfiguration;
			baseConfigurationReference = A60896E3DA7B9041D8DCD3E2 /* Pods-parstagrammTests.debug.xcconfig */;
			buildSettings = {
				ALWAYS_EMBED_SWIFT_STANDARD_LIBRARIES = YES;
				BUNDLE_LOADER = "$(TEST_HOST)";
				CODE_SIGN_STYLE = Automatic;
				CURRENT_PROJECT_VERSION = 1;
				DEVELOPMENT_TEAM = RL6H7599DG;
				GENERATE_INFOPLIST_FILE = YES;
				IPHONEOS_DEPLOYMENT_TARGET = 16.0;
				MARKETING_VERSION = 1.0;
				PRODUCT_BUNDLE_IDENTIFIER = com.coolMohhi.parstagrammTests;
				PRODUCT_NAME = "$(TARGET_NAME)";
				SWIFT_EMIT_LOC_STRINGS = NO;
				SWIFT_VERSION = 5.0;
				TARGETED_DEVICE_FAMILY = "1,2";
				TEST_HOST = "$(BUILT_PRODUCTS_DIR)/parstagramm.app/$(BUNDLE_EXECUTABLE_FOLDER_PATH)/parstagramm";
			};
			name = Debug;
		};
		E210197F28EF938F004F168E /* Release */ = {
			isa = XCBuildConfiguration;
			baseConfigurationReference = B38F09795A7C22835CD33AFE /* Pods-parstagrammTests.release.xcconfig */;
			buildSettings = {
				ALWAYS_EMBED_SWIFT_STANDARD_LIBRARIES = YES;
				BUNDLE_LOADER = "$(TEST_HOST)";
				CODE_SIGN_STYLE = Automatic;
				CURRENT_PROJECT_VERSION = 1;
				DEVELOPMENT_TEAM = RL6H7599DG;
				GENERATE_INFOPLIST_FILE = YES;
				IPHONEOS_DEPLOYMENT_TARGET = 16.0;
				MARKETING_VERSION = 1.0;
				PRODUCT_BUNDLE_IDENTIFIER = com.coolMohhi.parstagrammTests;
				PRODUCT_NAME = "$(TARGET_NAME)";
				SWIFT_EMIT_LOC_STRINGS = NO;
				SWIFT_VERSION = 5.0;
				TARGETED_DEVICE_FAMILY = "1,2";
				TEST_HOST = "$(BUILT_PRODUCTS_DIR)/parstagramm.app/$(BUNDLE_EXECUTABLE_FOLDER_PATH)/parstagramm";
			};
			name = Release;
		};
		E210198128EF938F004F168E /* Debug */ = {
			isa = XCBuildConfiguration;
			baseConfigurationReference = 1251327456889D0D5C3CB42E /* Pods-parstagramm-parstagrammUITests.debug.xcconfig */;
			buildSettings = {
				ALWAYS_EMBED_SWIFT_STANDARD_LIBRARIES = YES;
				CODE_SIGN_STYLE = Automatic;
				CURRENT_PROJECT_VERSION = 1;
				DEVELOPMENT_TEAM = RL6H7599DG;
				GENERATE_INFOPLIST_FILE = YES;
				MARKETING_VERSION = 1.0;
				PRODUCT_BUNDLE_IDENTIFIER = com.coolMohhi.parstagrammUITests;
				PRODUCT_NAME = "$(TARGET_NAME)";
				SWIFT_EMIT_LOC_STRINGS = NO;
				SWIFT_VERSION = 5.0;
				TARGETED_DEVICE_FAMILY = "1,2";
				TEST_TARGET_NAME = parstagramm;
			};
			name = Debug;
		};
		E210198228EF938F004F168E /* Release */ = {
			isa = XCBuildConfiguration;
			baseConfigurationReference = E3DA3F23407A6D8DCC43D296 /* Pods-parstagramm-parstagrammUITests.release.xcconfig */;
			buildSettings = {
				ALWAYS_EMBED_SWIFT_STANDARD_LIBRARIES = YES;
				CODE_SIGN_STYLE = Automatic;
				CURRENT_PROJECT_VERSION = 1;
				DEVELOPMENT_TEAM = RL6H7599DG;
				GENERATE_INFOPLIST_FILE = YES;
				MARKETING_VERSION = 1.0;
				PRODUCT_BUNDLE_IDENTIFIER = com.coolMohhi.parstagrammUITests;
				PRODUCT_NAME = "$(TARGET_NAME)";
				SWIFT_EMIT_LOC_STRINGS = NO;
				SWIFT_VERSION = 5.0;
				TARGETED_DEVICE_FAMILY = "1,2";
				TEST_TARGET_NAME = parstagramm;
			};
			name = Release;
		};
/* End XCBuildConfiguration section */

/* Begin XCConfigurationList section */
		E210194B28EF938E004F168E /* Build configuration list for PBXProject "parstagramm" */ = {
			isa = XCConfigurationList;
			buildConfigurations = (
				E210197828EF938F004F168E /* Debug */,
				E210197928EF938F004F168E /* Release */,
			);
			defaultConfigurationIsVisible = 0;
			defaultConfigurationName = Release;
		};
		E210197A28EF938F004F168E /* Build configuration list for PBXNativeTarget "parstagramm" */ = {
			isa = XCConfigurationList;
			buildConfigurations = (
				E210197B28EF938F004F168E /* Debug */,
				E210197C28EF938F004F168E /* Release */,
			);
			defaultConfigurationIsVisible = 0;
			defaultConfigurationName = Release;
		};
		E210197D28EF938F004F168E /* Build configuration list for PBXNativeTarget "parstagrammTests" */ = {
			isa = XCConfigurationList;
			buildConfigurations = (
				E210197E28EF938F004F168E /* Debug */,
				E210197F28EF938F004F168E /* Release */,
			);
			defaultConfigurationIsVisible = 0;
			defaultConfigurationName = Release;
		};
		E210198028EF938F004F168E /* Build configuration list for PBXNativeTarget "parstagrammUITests" */ = {
			isa = XCConfigurationList;
			buildConfigurations = (
				E210198128EF938F004F168E /* Debug */,
				E210198228EF938F004F168E /* Release */,
			);
			defaultConfigurationIsVisible = 0;
			defaultConfigurationName = Release;
		};
/* End XCConfigurationList section */
	};
	rootObject = E210194828EF938E004F168E /* Project object */;
}
